
Microsoft Visual Studio Solution File, Format Version 12.00
# Visual Studio Version 17
VisualStudioVersion = 17.4.33213.308
MinimumVisualStudioVersion = 10.0.40219.1
Project("{9A19103F-16F7-4668-BE54-9A1E7A4F7556}") = "AsPNetCoreMVCcharts", "AsPNetCoreMVCcharts.csproj", "{0F796A82-4148-4F33-BBDB-7CEB7D3D4FFC}"
EndProject
Global
	GlobalSection(SolutionConfigurationPlatforms) = preSolution
		Debug|Any CPU = Debug|Any CPU
		Release|Any CPU = Release|Any CPU
	EndGlobalSection
	GlobalSection(ProjectConfigurationPlatforms) = postSolution
		{0F796A82-4148-4F33-BBDB-7CEB7D3D4FFC}.Debug|Any CPU.ActiveCfg = Debug|Any CPU
		{0F796A82-4148-4F33-BBDB-7CEB7D3D4FFC}.Debug|Any CPU.Build.0 = Debug|Any CPU
		{0F796A82-4148-4F33-BBDB-7CEB7D3D4FFC}.Release|Any CPU.ActiveCfg = Release|Any CPU
		{0F796A82-4148-4F33-BBDB-7CEB7D3D4FFC}.Release|Any CPU.Build.0 = Release|Any CPU
	EndGlobalSection
	GlobalSection(SolutionProperties) = preSolution
		HideSolutionNode = FALSE
	EndGlobalSection
	GlobalSection(ExtensibilityGlobals) = postSolution
		SolutionGuid = {65260F23-C19F-4561-A9F7-B3DC30F3F7F8}
	EndGlobalSection
EndGlobal
